
Microsoft Visual Studio Solution File, Format Version 12.00
# Visual Studio Version 16
VisualStudioVersion = 16.0.31205.134
MinimumVisualStudioVersion = 10.0.40219.1
Project("{9A19103F-16F7-4668-BE54-9A1E7A4F7556}") = "Sistema.Datos", "Sistema.datos\Sistema.Datos.csproj", "{52660AB8-3870-489D-A28C-042115259C20}"
EndProject
Project("{9A19103F-16F7-4668-BE54-9A1E7A4F7556}") = "Sistema.Entidades", "Sistema.Entidades\Sistema.Entidades.csproj", "{BE08C75F-0E8F-4763-A349-CC621F22C0B2}"
EndProject
Project("{FAE04EC0-301F-11D3-BF4B-00C04F79EFBC}") = "Sistema.Web", "Sistema.Web\Sistema.Web.csproj", "{09856E0F-C6D7-4610-A74C-5893DE074B51}"
EndProject
Global
	GlobalSection(SolutionConfigurationPlatforms) = preSolution
		Debug|Any CPU = Debug|Any CPU
		Release|Any CPU = Release|Any CPU
	EndGlobalSection
	GlobalSection(ProjectConfigurationPlatforms) = postSolution
		{52660AB8-3870-489D-A28C-042115259C20}.Debug|Any CPU.ActiveCfg = Debug|Any CPU
		{52660AB8-3870-489D-A28C-042115259C20}.Debug|Any CPU.Build.0 = Debug|Any CPU
		{52660AB8-3870-489D-A28C-042115259C20}.Release|Any CPU.ActiveCfg = Release|Any CPU
		{52660AB8-3870-489D-A28C-042115259C20}.Release|Any CPU.Build.0 = Release|Any CPU
		{BE08C75F-0E8F-4763-A349-CC621F22C0B2}.Debug|Any CPU.ActiveCfg = Debug|Any CPU
		{BE08C75F-0E8F-4763-A349-CC621F22C0B2}.Debug|Any CPU.Build.0 = Debug|Any CPU
		{BE08C75F-0E8F-4763-A349-CC621F22C0B2}.Release|Any CPU.ActiveCfg = Release|Any CPU
		{BE08C75F-0E8F-4763-A349-CC621F22C0B2}.Release|Any CPU.Build.0 = Release|Any CPU
		{09856E0F-C6D7-4610-A74C-5893DE074B51}.Debug|Any CPU.ActiveCfg = Debug|Any CPU
		{09856E0F-C6D7-4610-A74C-5893DE074B51}.Debug|Any CPU.Build.0 = Debug|Any CPU
		{09856E0F-C6D7-4610-A74C-5893DE074B51}.Release|Any CPU.ActiveCfg = Release|Any CPU
		{09856E0F-C6D7-4610-A74C-5893DE074B51}.Release|Any CPU.Build.0 = Release|Any CPU
	EndGlobalSection
	GlobalSection(SolutionProperties) = preSolution
		HideSolutionNode = FALSE
	EndGlobalSection
	GlobalSection(ExtensibilityGlobals) = postSolution
		SolutionGuid = {7CC30819-1FB2-4585-BB71-4B22DDD75632}
	EndGlobalSection
EndGlobal
